<Solution>
  <Configurations>
    <Platform Name="Any CPU" />
    <Platform Name="x64" />
    <Platform Name="x86" />
  </Configurations>
  <Folder Name="/Solution Items/">
    <File Path="../MinimalClean.nuspec" />
    <File Path=".editorconfig" />
    <File Path="Directory.Build.props" />
    <File Path="Directory.Packages.props" />
  </Folder>
  <Folder Name="/src/">
    <Project Path="src/ArdalisMinClean.Web/ArdalisMinClean.Web.csproj" />
  </Folder>
  <Folder Name="/src/_aspire/">
    <Project Path="src/ArdalisMinClean.AspireHost/ArdalisMinClean.AspireHost.csproj" />
    <Project Path="src/ArdalisMinClean.ServiceDefaults/ArdalisMinClean.ServiceDefaults.csproj" />
  </Folder>
</Solution>
